// !$*UTF8*$!
{
	archiveVersion = 1;
	classes = {
	};
	objectVersion = 46;
	objects = {

/* Begin PBXBuildFile section */
		655523591E52AFA800042CD8 /* TCURLNavigatorPattern.m in Sources */ = {isa = PBXBuildFile; fileRef = 655523581E52AFA800042CD8 /* TCURLNavigatorPattern.m */; };
		655523711E52B2DD00042CD8 /* TCURLAction.m in Sources */ = {isa = PBXBuildFile; fileRef = 655523701E52B2DD00042CD8 /* TCURLAction.m */; };
		655524571E55931000042CD8 /* TCURLPattern.m in Sources */ = {isa = PBXBuildFile; fileRef = 655524561E55931000042CD8 /* TCURLPattern.m */; };
		655524961E602F2000042CD8 /* UIViewController+TCNavigator.m in Sources */ = {isa = PBXBuildFile; fileRef = 655524951E602F2000042CD8 /* UIViewController+TCNavigator.m */; };
		655524991E602F6800042CD8 /* UINavigationController+TCNavigator.m in Sources */ = {isa = PBXBuildFile; fileRef = 655524981E602F6800042CD8 /* UINavigationController+TCNavigator.m */; };
		6555249C1E60314100042CD8 /* UITabBarController+TCNavigator.m in Sources */ = {isa = PBXBuildFile; fileRef = 6555249B1E60314100042CD8 /* UITabBarController+TCNavigator.m */; };
		655F74881E64316A00B580B0 /* NSString+TCNavigator.m in Sources */ = {isa = PBXBuildFile; fileRef = 655F74871E64316A00B580B0 /* NSString+TCNavigator.m */; };
		655F748B1E6432DD00B580B0 /* ClassAViewController.m in Sources */ = {isa = PBXBuildFile; fileRef = 655F748A1E6432DD00B580B0 /* ClassAViewController.m */; };
		6596C11E1E52A0EA00B63C7A /* main.m in Sources */ = {isa = PBXBuildFile; fileRef = 6596C11D1E52A0EA00B63C7A /* main.m */; };
		6596C1211E52A0EA00B63C7A /* AppDelegate.m in Sources */ = {isa = PBXBuildFile; fileRef = 6596C1201E52A0EA00B63C7A /* AppDelegate.m */; };
		6596C1241E52A0EA00B63C7A /* ViewController.m in Sources */ = {isa = PBXBuildFile; fileRef = 6596C1231E52A0EA00B63C7A /* ViewController.m */; };
		6596C1291E52A0EA00B63C7A /* Assets.xcassets in Resources */ = {isa = PBXBuildFile; fileRef = 6596C1281E52A0EA00B63C7A /* Assets.xcassets */; };
		6596C12C1E52A0EA00B63C7A /* LaunchScreen.storyboard in Resources */ = {isa = PBXBuildFile; fileRef = 6596C12A1E52A0EA00B63C7A /* LaunchScreen.storyboard */; };
		6596C1361E52A9F700B63C7A /* TCNavigator.m in Sources */ = {isa = PBXBuildFile; fileRef = 6596C1351E52A9F700B63C7A /* TCNavigator.m */; };
		6596C1391E52AA1D00B63C7A /* TCURLMap.m in Sources */ = {isa = PBXBuildFile; fileRef = 6596C1381E52AA1D00B63C7A /* TCURLMap.m */; };
		65B1CE8B1E55F0A1003BD294 /* TCURLLiteral.m in Sources */ = {isa = PBXBuildFile; fileRef = 65B1CE8A1E55F0A1003BD294 /* TCURLLiteral.m */; };
		65B1CE8E1E55F0B5003BD294 /* TCURLWildcard.m in Sources */ = {isa = PBXBuildFile; fileRef = 65B1CE8D1E55F0B5003BD294 /* TCURLWildcard.m */; };
		65B1CE921E55F190003BD294 /* TCURLArguments.m in Sources */ = {isa = PBXBuildFile; fileRef = 65B1CE911E55F190003BD294 /* TCURLArguments.m */; };
/* End PBXBuildFile section */

/* Begin PBXFileReference section */
		655523571E52AFA800042CD8 /* TCURLNavigatorPattern.h */ = {isa = PBXFileReference; fileEncoding = 4; lastKnownFileType = sourcecode.c.h; path = TCURLNavigatorPattern.h; sourceTree = "<group>"; };
		655523581E52AFA800042CD8 /* TCURLNavigatorPattern.m */ = {isa = PBXFileReference; fileEncoding = 4; lastKnownFileType = sourcecode.c.objc; path = TCURLNavigatorPattern.m; sourceTree = "<group>"; };
		6555236F1E52B2DD00042CD8 /* TCURLAction.h */ = {isa = PBXFileReference; fileEncoding = 4; lastKnownFileType = sourcecode.c.h; path = TCURLAction.h; sourceTree = "<group>"; };
		655523701E52B2DD00042CD8 /* TCURLAction.m */ = {isa = PBXFileReference; fileEncoding = 4; lastKnownFileType = sourcecode.c.objc; path = TCURLAction.m; sourceTree = "<group>"; };
		655523BD1E530EBC00042CD8 /* TCNavigtorDelegate.h */ = {isa = PBXFileReference; lastKnownFileType = sourcecode.c.h; path = TCNavigtorDelegate.h; sourceTree = "<group>"; };
		655524541E55557700042CD8 /* TCNavigationMode.h */ = {isa = PBXFileReference; lastKnownFileType = sourcecode.c.h; path = TCNavigationMode.h; sourceTree = "<group>"; };
		655524551E55931000042CD8 /* TCURLPattern.h */ = {isa = PBXFileReference; fileEncoding = 4; lastKnownFileType = sourcecode.c.h; path = TCURLPattern.h; sourceTree = "<group>"; };
		655524561E55931000042CD8 /* TCURLPattern.m */ = {isa = PBXFileReference; fileEncoding = 4; lastKnownFileType = sourcecode.c.objc; path = TCURLPattern.m; sourceTree = "<group>"; };
		655524941E602F2000042CD8 /* UIViewController+TCNavigator.h */ = {isa = PBXFileReference; fileEncoding = 4; lastKnownFileType = sourcecode.c.h; path = "UIViewController+TCNavigator.h"; sourceTree = "<group>"; };
		655524951E602F2000042CD8 /* UIViewController+TCNavigator.m */ = {isa = PBXFileReference; fileEncoding = 4; lastKnownFileType = sourcecode.c.objc; path = "UIViewController+TCNavigator.m"; sourceTree = "<group>"; };
		655524971E602F6800042CD8 /* UINavigationController+TCNavigator.h */ = {isa = PBXFileReference; fileEncoding = 4; lastKnownFileType = sourcecode.c.h; path = "UINavigationController+TCNavigator.h"; sourceTree = "<group>"; };
		655524981E602F6800042CD8 /* UINavigationController+TCNavigator.m */ = {isa = PBXFileReference; fileEncoding = 4; lastKnownFileType = sourcecode.c.objc; path = "UINavigationController+TCNavigator.m"; sourceTree = "<group>"; };
		6555249A1E60314100042CD8 /* UITabBarController+TCNavigator.h */ = {isa = PBXFileReference; fileEncoding = 4; lastKnownFileType = sourcecode.c.h; path = "UITabBarController+TCNavigator.h"; sourceTree = "<group>"; };
		6555249B1E60314100042CD8 /* UITabBarController+TCNavigator.m */ = {isa = PBXFileReference; fileEncoding = 4; lastKnownFileType = sourcecode.c.objc; path = "UITabBarController+TCNavigator.m"; sourceTree = "<group>"; };
		655F74861E64316A00B580B0 /* NSString+TCNavigator.h */ = {isa = PBXFileReference; fileEncoding = 4; lastKnownFileType = sourcecode.c.h; path = "NSString+TCNavigator.h"; sourceTree = "<group>"; };
		655F74871E64316A00B580B0 /* NSString+TCNavigator.m */ = {isa = PBXFileReference; fileEncoding = 4; lastKnownFileType = sourcecode.c.objc; path = "NSString+TCNavigator.m"; sourceTree = "<group>"; };
		655F74891E6432DD00B580B0 /* ClassAViewController.h */ = {isa = PBXFileReference; fileEncoding = 4; lastKnownFileType = sourcecode.c.h; path = ClassAViewController.h; sourceTree = "<group>"; };
		655F748A1E6432DD00B580B0 /* ClassAViewController.m */ = {isa = PBXFileReference; fileEncoding = 4; lastKnownFileType = sourcecode.c.objc; path = ClassAViewController.m; sourceTree = "<group>"; };
		6596C1191E52A0EA00B63C7A /* TCNavigator.app */ = {isa = PBXFileReference; explicitFileType = wrapper.application; includeInIndex = 0; path = TCNavigator.app; sourceTree = BUILT_PRODUCTS_DIR; };
		6596C11D1E52A0EA00B63C7A /* main.m */ = {isa = PBXFileReference; lastKnownFileType = sourcecode.c.objc; path = main.m; sourceTree = "<group>"; };
		6596C11F1E52A0EA00B63C7A /* AppDelegate.h */ = {isa = PBXFileReference; lastKnownFileType = sourcecode.c.h; path = AppDelegate.h; sourceTree = "<group>"; };
		6596C1201E52A0EA00B63C7A /* AppDelegate.m */ = {isa = PBXFileReference; lastKnownFileType = sourcecode.c.objc; path = AppDelegate.m; sourceTree = "<group>"; };
		6596C1221E52A0EA00B63C7A /* ViewController.h */ = {isa = PBXFileReference; lastKnownFileType = sourcecode.c.h; path = ViewController.h; sourceTree = "<group>"; };
		6596C1231E52A0EA00B63C7A /* ViewController.m */ = {isa = PBXFileReference; lastKnownFileType = sourcecode.c.objc; path = ViewController.m; sourceTree = "<group>"; };
		6596C1281E52A0EA00B63C7A /* Assets.xcassets */ = {isa = PBXFileReference; lastKnownFileType = folder.assetcatalog; path = Assets.xcassets; sourceTree = "<group>"; };
		6596C12B1E52A0EA00B63C7A /* Base */ = {isa = PBXFileReference; lastKnownFileType = file.storyboard; name = Base; path = Base.lproj/LaunchScreen.storyboard; sourceTree = "<group>"; };
		6596C12D1E52A0EA00B63C7A /* Info.plist */ = {isa = PBXFileReference; lastKnownFileType = text.plist.xml; path = Info.plist; sourceTree = "<group>"; };
		6596C1341E52A9F700B63C7A /* TCNavigator.h */ = {isa = PBXFileReference; fileEncoding = 4; lastKnownFileType = sourcecode.c.h; path = TCNavigator.h; sourceTree = "<group>"; };
		6596C1351E52A9F700B63C7A /* TCNavigator.m */ = {isa = PBXFileReference; fileEncoding = 4; lastKnownFileType = sourcecode.c.objc; path = TCNavigator.m; sourceTree = "<group>"; };
		6596C1371E52AA1D00B63C7A /* TCURLMap.h */ = {isa = PBXFileReference; fileEncoding = 4; lastKnownFileType = sourcecode.c.h; path = TCURLMap.h; sourceTree = "<group>"; };
		6596C1381E52AA1D00B63C7A /* TCURLMap.m */ = {isa = PBXFileReference; fileEncoding = 4; lastKnownFileType = sourcecode.c.objc; path = TCURLMap.m; sourceTree = "<group>"; };
		65B1CE891E55F0A1003BD294 /* TCURLLiteral.h */ = {isa = PBXFileReference; fileEncoding = 4; lastKnownFileType = sourcecode.c.h; path = TCURLLiteral.h; sourceTree = "<group>"; };
		65B1CE8A1E55F0A1003BD294 /* TCURLLiteral.m */ = {isa = PBXFileReference; fileEncoding = 4; lastKnownFileType = sourcecode.c.objc; path = TCURLLiteral.m; sourceTree = "<group>"; };
		65B1CE8C1E55F0B5003BD294 /* TCURLWildcard.h */ = {isa = PBXFileReference; fileEncoding = 4; lastKnownFileType = sourcecode.c.h; path = TCURLWildcard.h; sourceTree = "<group>"; };
		65B1CE8D1E55F0B5003BD294 /* TCURLWildcard.m */ = {isa = PBXFileReference; fileEncoding = 4; lastKnownFileType = sourcecode.c.objc; path = TCURLWildcard.m; sourceTree = "<group>"; };
		65B1CE8F1E55F0CA003BD294 /* TCURLPatternText.h */ = {isa = PBXFileReference; lastKnownFileType = sourcecode.c.h; path = TCURLPatternText.h; sourceTree = "<group>"; };
		65B1CE901E55F190003BD294 /* TCURLArguments.h */ = {isa = PBXFileReference; fileEncoding = 4; lastKnownFileType = sourcecode.c.h; path = TCURLArguments.h; sourceTree = "<group>"; };
		65B1CE911E55F190003BD294 /* TCURLArguments.m */ = {isa = PBXFileReference; fileEncoding = 4; lastKnownFileType = sourcecode.c.objc; path = TCURLArguments.m; sourceTree = "<group>"; };
/* End PBXFileReference section */

/* Begin PBXFrameworksBuildPhase section */
		6596C1161E52A0EA00B63C7A /* Frameworks */ = {
			isa = PBXFrameworksBuildPhase;
			buildActionMask = 2147483647;
			files = (
			);
			runOnlyForDeploymentPostprocessing = 0;
		};
/* End PBXFrameworksBuildPhase section */

/* Begin PBXGroup section */
		6596C1101E52A0EA00B63C7A = {
			isa = PBXGroup;
			children = (
				6596C1331E52A12700B63C7A /* Src */,
				6596C11B1E52A0EA00B63C7A /* TCNavigator */,
				6596C11A1E52A0EA00B63C7A /* Products */,
			);
			sourceTree = "<group>";
		};
		6596C11A1E52A0EA00B63C7A /* Products */ = {
			isa = PBXGroup;
			children = (
				6596C1191E52A0EA00B63C7A /* TCNavigator.app */,
			);
			name = Products;
			sourceTree = "<group>";
		};
		6596C11B1E52A0EA00B63C7A /* TCNavigator */ = {
			isa = PBXGroup;
			children = (
				6596C11F1E52A0EA00B63C7A /* AppDelegate.h */,
				6596C1201E52A0EA00B63C7A /* AppDelegate.m */,
				6596C1221E52A0EA00B63C7A /* ViewController.h */,
				6596C1231E52A0EA00B63C7A /* ViewController.m */,
				655F74891E6432DD00B580B0 /* ClassAViewController.h */,
				655F748A1E6432DD00B580B0 /* ClassAViewController.m */,
				6596C1281E52A0EA00B63C7A /* Assets.xcassets */,
				6596C12A1E52A0EA00B63C7A /* LaunchScreen.storyboard */,
				6596C12D1E52A0EA00B63C7A /* Info.plist */,
				6596C11C1E52A0EA00B63C7A /* Supporting Files */,
			);
			path = TCNavigator;
			sourceTree = "<group>";
		};
		6596C11C1E52A0EA00B63C7A /* Supporting Files */ = {
			isa = PBXGroup;
			children = (
				6596C11D1E52A0EA00B63C7A /* main.m */,
			);
			name = "Supporting Files";
			sourceTree = "<group>";
		};
		6596C1331E52A12700B63C7A /* Src */ = {
			isa = PBXGroup;
			children = (
				655523BD1E530EBC00042CD8 /* TCNavigtorDelegate.h */,
				6596C1341E52A9F700B63C7A /* TCNavigator.h */,
				6596C1351E52A9F700B63C7A /* TCNavigator.m */,
				6596C1371E52AA1D00B63C7A /* TCURLMap.h */,
				6596C1381E52AA1D00B63C7A /* TCURLMap.m */,
				655524541E55557700042CD8 /* TCNavigationMode.h */,
				6555236F1E52B2DD00042CD8 /* TCURLAction.h */,
				655523701E52B2DD00042CD8 /* TCURLAction.m */,
				655524551E55931000042CD8 /* TCURLPattern.h */,
				655524561E55931000042CD8 /* TCURLPattern.m */,
				65B1CE8F1E55F0CA003BD294 /* TCURLPatternText.h */,
				65B1CE891E55F0A1003BD294 /* TCURLLiteral.h */,
				65B1CE8A1E55F0A1003BD294 /* TCURLLiteral.m */,
				65B1CE8C1E55F0B5003BD294 /* TCURLWildcard.h */,
				65B1CE8D1E55F0B5003BD294 /* TCURLWildcard.m */,
				655523571E52AFA800042CD8 /* TCURLNavigatorPattern.h */,
				655523581E52AFA800042CD8 /* TCURLNavigatorPattern.m */,
				65B1CE901E55F190003BD294 /* TCURLArguments.h */,
				65B1CE911E55F190003BD294 /* TCURLArguments.m */,
				655524941E602F2000042CD8 /* UIViewController+TCNavigator.h */,
				655524951E602F2000042CD8 /* UIViewController+TCNavigator.m */,
				655524971E602F6800042CD8 /* UINavigationController+TCNavigator.h */,
				655524981E602F6800042CD8 /* UINavigationController+TCNavigator.m */,
				6555249A1E60314100042CD8 /* UITabBarController+TCNavigator.h */,
				6555249B1E60314100042CD8 /* UITabBarController+TCNavigator.m */,
				655F74861E64316A00B580B0 /* NSString+TCNavigator.h */,
				655F74871E64316A00B580B0 /* NSString+TCNavigator.m */,
			);
			name = Src;
			path = src;
			sourceTree = "<group>";
		};
/* End PBXGroup section */

/* Begin PBXNativeTarget section */
		6596C1181E52A0EA00B63C7A /* TCNavigator */ = {
			isa = PBXNativeTarget;
			buildConfigurationList = 6596C1301E52A0EA00B63C7A /* Build configuration list for PBXNativeTarget "TCNavigator" */;
			buildPhases = (
				6596C1151E52A0EA00B63C7A /* Sources */,
				6596C1161E52A0EA00B63C7A /* Frameworks */,
				6596C1171E52A0EA00B63C7A /* Resources */,
			);
			buildRules = (
			);
			dependencies = (
			);
			name = TCNavigator;
			productName = TCNavigator;
			productReference = 6596C1191E52A0EA00B63C7A /* TCNavigator.app */;
			productType = "com.apple.product-type.application";
		};
/* End PBXNativeTarget section */

/* Begin PBXProject section */
		6596C1111E52A0EA00B63C7A /* Project object */ = {
			isa = PBXProject;
			attributes = {
				LastUpgradeCheck = 0820;
				ORGANIZATIONNAME = xbwu;
				TargetAttributes = {
					6596C1181E52A0EA00B63C7A = {
						CreatedOnToolsVersion = 8.2.1;
						DevelopmentTeam = M8XU24XT63;
						ProvisioningStyle = Automatic;
					};
				};
			};
			buildConfigurationList = 6596C1141E52A0EA00B63C7A /* Build configuration list for PBXProject "TCNavigator" */;
			compatibilityVersion = "Xcode 3.2";
			developmentRegion = English;
			hasScannedForEncodings = 0;
			knownRegions = (
				en,
				Base,
			);
			mainGroup = 6596C1101E52A0EA00B63C7A;
			productRefGroup = 6596C11A1E52A0EA00B63C7A /* Products */;
			projectDirPath = "";
			projectRoot = "";
			targets = (
				6596C1181E52A0EA00B63C7A /* TCNavigator */,
			);
		};
/* End PBXProject section */

/* Begin PBXResourcesBuildPhase section */
		6596C1171E52A0EA00B63C7A /* Resources */ = {
			isa = PBXResourcesBuildPhase;
			buildActionMask = 2147483647;
			files = (
				6596C12C1E52A0EA00B63C7A /* LaunchScreen.storyboard in Resources */,
				6596C1291E52A0EA00B63C7A /* Assets.xcassets in Resources */,
			);
			runOnlyForDeploymentPostprocessing = 0;
		};
/* End PBXResourcesBuildPhase section */

/* Begin PBXSourcesBuildPhase section */
		6596C1151E52A0EA00B63C7A /* Sources */ = {
			isa = PBXSourcesBuildPhase;
			buildActionMask = 2147483647;
			files = (
				65B1CE8E1E55F0B5003BD294 /* TCURLWildcard.m in Sources */,
				655523711E52B2DD00042CD8 /* TCURLAction.m in Sources */,
				655524571E55931000042CD8 /* TCURLPattern.m in Sources */,
				65B1CE8B1E55F0A1003BD294 /* TCURLLiteral.m in Sources */,
				655F74881E64316A00B580B0 /* NSString+TCNavigator.m in Sources */,
				6596C1391E52AA1D00B63C7A /* TCURLMap.m in Sources */,
				655523591E52AFA800042CD8 /* TCURLNavigatorPattern.m in Sources */,
				655F748B1E6432DD00B580B0 /* ClassAViewController.m in Sources */,
				6596C1241E52A0EA00B63C7A /* ViewController.m in Sources */,
				655524961E602F2000042CD8 /* UIViewController+TCNavigator.m in Sources */,
				6596C1211E52A0EA00B63C7A /* AppDelegate.m in Sources */,
				6596C1361E52A9F700B63C7A /* TCNavigator.m in Sources */,
				6596C11E1E52A0EA00B63C7A /* main.m in Sources */,
				655524991E602F6800042CD8 /* UINavigationController+TCNavigator.m in Sources */,
				6555249C1E60314100042CD8 /* UITabBarController+TCNavigator.m in Sources */,
				65B1CE921E55F190003BD294 /* TCURLArguments.m in Sources */,
			);
			runOnlyForDeploymentPostprocessing = 0;
		};
/* End PBXSourcesBuildPhase section */

/* Begin PBXVariantGroup section */
		6596C12A1E52A0EA00B63C7A /* LaunchScreen.storyboard */ = {
			isa = PBXVariantGroup;
			children = (
				6596C12B1E52A0EA00B63C7A /* Base */,
			);
			name = LaunchScreen.storyboard;
			sourceTree = "<group>";
		};
/* End PBXVariantGroup section */

/* Begin XCBuildConfiguration section */
		6596C12E1E52A0EA00B63C7A /* Debug */ = {
			isa = XCBuildConfiguration;
			buildSettings = {
				ALWAYS_SEARCH_USER_PATHS = NO;
				CLANG_ANALYZER_NONNULL = YES;
				CLANG_CXX_LANGUAGE_STANDARD = "gnu++0x";
				CLANG_CXX_LIBRARY = "libc++";
				CLANG_ENABLE_MODULES = YES;
				CLANG_ENABLE_OBJC_ARC = YES;
				CLANG_WARN_BOOL_CONVERSION = YES;
				CLANG_WARN_CONSTANT_CONVERSION = YES;
				CLANG_WARN_DIRECT_OBJC_ISA_USAGE = YES_ERROR;
				CLANG_WARN_DOCUMENTATION_COMMENTS = YES;
				CLANG_WARN_EMPTY_BODY = YES;
				CLANG_WARN_ENUM_CONVERSION = YES;
				CLANG_WARN_INFINITE_RECURSION = YES;
				CLANG_WARN_INT_CONVERSION = YES;
				CLANG_WARN_OBJC_ROOT_CLASS = YES_ERROR;
				CLANG_WARN_SUSPICIOUS_MOVE = YES;
				CLANG_WARN_UNREACHABLE_CODE = YES;
				CLANG_WARN__DUPLICATE_METHOD_MATCH = YES;
				"CODE_SIGN_IDENTITY[sdk=iphoneos*]" = "iPhone Developer";
				COPY_PHASE_STRIP = NO;
				DEBUG_INFORMATION_FORMAT = dwarf;
				ENABLE_STRICT_OBJC_MSGSEND = YES;
				ENABLE_TESTABILITY = YES;
				GCC_C_LANGUAGE_STANDARD = gnu99;
				GCC_DYNAMIC_NO_PIC = NO;
				GCC_NO_COMMON_BLOCKS = YES;
				GCC_OPTIMIZATION_LEVEL = 0;
				GCC_PREPROCESSOR_DEFINITIONS = (
					"DEBUG=1",
					"$(inherited)",
				);
				GCC_WARN_64_TO_32_BIT_CONVERSION = YES;
				GCC_WARN_ABOUT_RETURN_TYPE = YES_ERROR;
				GCC_WARN_UNDECLARED_SELECTOR = YES;
				GCC_WARN_UNINITIALIZED_AUTOS = YES_AGGRESSIVE;
				GCC_WARN_UNUSED_FUNCTION = YES;
				GCC_WARN_UNUSED_VARIABLE = YES;
				IPHONEOS_DEPLOYMENT_TARGET = 10.2;
				MTL_ENABLE_DEBUG_INFO = YES;
				ONLY_ACTIVE_ARCH = YES;
				SDKROOT = iphoneos;
			};
			name = Debug;
		};
		6596C12F1E52A0EA00B63C7A /* Release */ = {
			isa = XCBuildConfiguration;
			buildSettings = {
				ALWAYS_SEARCH_USER_PATHS = NO;
				CLANG_ANALYZER_NONNULL = YES;
				CLANG_CXX_LANGUAGE_STANDARD = "gnu++0x";
				CLANG_CXX_LIBRARY = "libc++";
				CLANG_ENABLE_MODULES = YES;
				CLANG_ENABLE_OBJC_ARC = YES;
				CLANG_WARN_BOOL_CONVERSION = YES;
				CLANG_WARN_CONSTANT_CONVERSION = YES;
				CLANG_WARN_DIRECT_OBJC_ISA_USAGE = YES_ERROR;
				CLANG_WARN_DOCUMENTATION_COMMENTS = YES;
				CLANG_WARN_EMPTY_BODY = YES;
				CLANG_WARN_ENUM_CONVERSION = YES;
				CLANG_WARN_INFINITE_RECURSION = YES;
				CLANG_WARN_INT_CONVERSION = YES;
				CLANG_WARN_OBJC_ROOT_CLASS = YES_ERROR;
				CLANG_WARN_SUSPICIOUS_MOVE = YES;
				CLANG_WARN_UNREACHABLE_CODE = YES;
				CLANG_WARN__DUPLICATE_METHOD_MATCH = YES;
				"CODE_SIGN_IDENTITY[sdk=iphoneos*]" = "iPhone Developer";
				COPY_PHASE_STRIP = NO;
				DEBUG_INFORMATION_FORMAT = "dwarf-with-dsym";
				ENABLE_NS_ASSERTIONS = NO;
				ENABLE_STRICT_OBJC_MSGSEND = YES;
				GCC_C_LANGUAGE_STANDARD = gnu99;
				GCC_NO_COMMON_BLOCKS = YES;
				GCC_WARN_64_TO_32_BIT_CONVERSION = YES;
				GCC_WARN_ABOUT_RETURN_TYPE = YES_ERROR;
				GCC_WARN_UNDECLARED_SELECTOR = YES;
				GCC_WARN_UNINITIALIZED_AUTOS = YES_AGGRESSIVE;
				GCC_WARN_UNUSED_FUNCTION = YES;
				GCC_WARN_UNUSED_VARIABLE = YES;
				IPHONEOS_DEPLOYMENT_TARGET = 10.2;
				MTL_ENABLE_DEBUG_INFO = NO;
				SDKROOT = iphoneos;
				VALIDATE_PRODUCT = YES;
			};
			name = Release;
		};
		6596C1311E52A0EA00B63C7A /* Debug */ = {
			isa = XCBuildConfiguration;
			buildSettings = {
				ASSETCATALOG_COMPILER_APPICON_NAME = AppIcon;
				DEVELOPMENT_TEAM = M8XU24XT63;
				INFOPLIST_FILE = TCNavigator/Info.plist;
				LD_RUNPATH_SEARCH_PATHS = "$(inherited) @executable_path/Frameworks";
				PRODUCT_BUNDLE_IDENTIFIER = com.truecolor.TCNavigator;
				PRODUCT_NAME = "$(TARGET_NAME)";
			};
			name = Debug;
		};
		6596C1321E52A0EA00B63C7A /* Release */ = {
			isa = XCBuildConfiguration;
			buildSettings = {
				ASSETCATALOG_COMPILER_APPICON_NAME = AppIcon;
				DEVELOPMENT_TEAM = M8XU24XT63;
				INFOPLIST_FILE = TCNavigator/Info.plist;
				LD_RUNPATH_SEARCH_PATHS = "$(inherited) @executable_path/Frameworks";
				PRODUCT_BUNDLE_IDENTIFIER = com.truecolor.TCNavigator;
				PRODUCT_NAME = "$(TARGET_NAME)";
			};
			name = Release;
		};
/* End XCBuildConfiguration section */

/* Begin XCConfigurationList section */
		6596C1141E52A0EA00B63C7A /* Build configuration list for PBXProject "TCNavigator" */ = {
			isa = XCConfigurationList;
			buildConfigurations = (
				6596C12E1E52A0EA00B63C7A /* Debug */,
				6596C12F1E52A0EA00B63C7A /* Release */,
			);
			defaultConfigurationIsVisible = 0;
			defaultConfigurationName = Release;
		};
		6596C1301E52A0EA00B63C7A /* Build configuration list for PBXNativeTarget "TCNavigator" */ = {
			isa = XCConfigurationList;
			buildConfigurations = (
				6596C1311E52A0EA00B63C7A /* Debug */,
				6596C1321E52A0EA00B63C7A /* Release */,
			);
			defaultConfigurationIsVisible = 0;
			defaultConfigurationName = Release;
		};
/* End XCConfigurationList section */
	};
	rootObject = 6596C1111E52A0EA00B63C7A /* Project object */;
}
